
Microsoft Visual Studio Solution File, Format Version 12.00
# Visual Studio Version 17
VisualStudioVersion = 17.2.32616.157
MinimumVisualStudioVersion = 10.0.40219.1
Project("{FAE04EC0-301F-11D3-BF4B-00C04F79EFBC}") = "webapi-crud", "webapi-crud\webapi-crud.csproj", "{B67ECEAB-C9AD-4997-848D-B2F496F8EDE1}"
EndProject
Global
	GlobalSection(SolutionConfigurationPlatforms) = preSolution
		Debug|Any CPU = Debug|Any CPU
		Release|Any CPU = Release|Any CPU
	EndGlobalSection
	GlobalSection(ProjectConfigurationPlatforms) = postSolution
		{B67ECEAB-C9AD-4997-848D-B2F496F8EDE1}.Debug|Any CPU.ActiveCfg = Debug|Any CPU
		{B67ECEAB-C9AD-4997-848D-B2F496F8EDE1}.Debug|Any CPU.Build.0 = Debug|Any CPU
		{B67ECEAB-C9AD-4997-848D-B2F496F8EDE1}.Release|Any CPU.ActiveCfg = Release|Any CPU
		{B67ECEAB-C9AD-4997-848D-B2F496F8EDE1}.Release|Any CPU.Build.0 = Release|Any CPU
	EndGlobalSection
	GlobalSection(SolutionProperties) = preSolution
		HideSolutionNode = FALSE
	EndGlobalSection
	GlobalSection(ExtensibilityGlobals) = postSolution
		SolutionGuid = {3FA3EF8B-93A6-4621-BD25-4AD9D8325FF0}
	EndGlobalSection
EndGlobal
